// !$*UTF8*$!
{
	archiveVersion = 1;
	classes = {
	};
	objectVersion = 50;
	objects = {

/* Begin PBXBuildFile section */
		3B4B585C2426368B00F3A9E3 /* cPruebaSonido.swift in Sources */ = {isa = PBXBuildFile; fileRef = 3B4B585B2426368B00F3A9E3 /* cPruebaSonido.swift */; };
		3B4F0149241D645300DFDEDF /* StopWatch.swift in Sources */ = {isa = PBXBuildFile; fileRef = 3B4F0148241D645300DFDEDF /* StopWatch.swift */; };
		3B4F014B241EC90D00DFDEDF /* ToneOutputUnit.swift in Sources */ = {isa = PBXBuildFile; fileRef = 3B4F014A241EC90D00DFDEDF /* ToneOutputUnit.swift */; };
		3BB955302421376300AE2F58 /* cWaveOut.swift in Sources */ = {isa = PBXBuildFile; fileRef = 3BB9552F2421376300AE2F58 /* cWaveOut.swift */; };
		3BB95532242137DB00AE2F58 /* pReproducible.swift in Sources */ = {isa = PBXBuildFile; fileRef = 3BB95531242137DB00AE2F58 /* pReproducible.swift */; };
		3BB9553424213F4200AE2F58 /* cAY8912.swift in Sources */ = {isa = PBXBuildFile; fileRef = 3BB9553324213F4200AE2F58 /* cAY8912.swift */; };
		AE3233CF1F8972EA0068BA8F /* AppDelegate.swift in Sources */ = {isa = PBXBuildFile; fileRef = AE3233CE1F8972EA0068BA8F /* AppDelegate.swift */; };
		AE3233D11F8972EA0068BA8F /* ViewController.swift in Sources */ = {isa = PBXBuildFile; fileRef = AE3233D01F8972EA0068BA8F /* ViewController.swift */; };
		AE3233D41F8972EA0068BA8F /* Main.storyboard in Resources */ = {isa = PBXBuildFile; fileRef = AE3233D21F8972EA0068BA8F /* Main.storyboard */; };
		AE3233D61F8972EA0068BA8F /* Assets.xcassets in Resources */ = {isa = PBXBuildFile; fileRef = AE3233D51F8972EA0068BA8F /* Assets.xcassets */; };
		AE3233D91F8972EA0068BA8F /* LaunchScreen.storyboard in Resources */ = {isa = PBXBuildFile; fileRef = AE3233D71F8972EA0068BA8F /* LaunchScreen.storyboard */; };
		AE3233E11F8973E70068BA8F /* Abadia.swift in Sources */ = {isa = PBXBuildFile; fileRef = AE3233E01F8973E70068BA8F /* Abadia.swift */; };
		AE3233E31F8A136C0068BA8F /* InputController.swift in Sources */ = {isa = PBXBuildFile; fileRef = AE3233E21F8A136C0068BA8F /* InputController.swift */; };
		AE3233E51F8A13910068BA8F /* CGAController.swift in Sources */ = {isa = PBXBuildFile; fileRef = AE3233E41F8A13910068BA8F /* CGAController.swift */; };
/* End PBXBuildFile section */

/* Begin PBXFileReference section */
		3B4B585B2426368B00F3A9E3 /* cPruebaSonido.swift */ = {isa = PBXFileReference; lastKnownFileType = sourcecode.swift; path = cPruebaSonido.swift; sourceTree = "<group>"; };
		3B4F0148241D645300DFDEDF /* StopWatch.swift */ = {isa = PBXFileReference; fileEncoding = 4; lastKnownFileType = sourcecode.swift; path = StopWatch.swift; sourceTree = "<group>"; };
		3B4F014A241EC90D00DFDEDF /* ToneOutputUnit.swift */ = {isa = PBXFileReference; lastKnownFileType = sourcecode.swift; path = ToneOutputUnit.swift; sourceTree = "<group>"; };
		3BB9552F2421376300AE2F58 /* cWaveOut.swift */ = {isa = PBXFileReference; lastKnownFileType = sourcecode.swift; path = cWaveOut.swift; sourceTree = "<group>"; };
		3BB95531242137DB00AE2F58 /* pReproducible.swift */ = {isa = PBXFileReference; lastKnownFileType = sourcecode.swift; path = pReproducible.swift; sourceTree = "<group>"; };
		3BB9553324213F4200AE2F58 /* cAY8912.swift */ = {isa = PBXFileReference; lastKnownFileType = sourcecode.swift; path = cAY8912.swift; sourceTree = "<group>"; };
		AE3233CB1F8972EA0068BA8F /* Abadia.app */ = {isa = PBXFileReference; explicitFileType = wrapper.application; includeInIndex = 0; path = Abadia.app; sourceTree = BUILT_PRODUCTS_DIR; };
		AE3233CE1F8972EA0068BA8F /* AppDelegate.swift */ = {isa = PBXFileReference; lastKnownFileType = sourcecode.swift; path = AppDelegate.swift; sourceTree = "<group>"; };
		AE3233D01F8972EA0068BA8F /* ViewController.swift */ = {isa = PBXFileReference; lastKnownFileType = sourcecode.swift; path = ViewController.swift; sourceTree = "<group>"; };
		AE3233D31F8972EA0068BA8F /* Base */ = {isa = PBXFileReference; lastKnownFileType = file.storyboard; name = Base; path = Base.lproj/Main.storyboard; sourceTree = "<group>"; };
		AE3233D51F8972EA0068BA8F /* Assets.xcassets */ = {isa = PBXFileReference; lastKnownFileType = folder.assetcatalog; path = Assets.xcassets; sourceTree = "<group>"; };
		AE3233D81F8972EA0068BA8F /* Base */ = {isa = PBXFileReference; lastKnownFileType = file.storyboard; name = Base; path = Base.lproj/LaunchScreen.storyboard; sourceTree = "<group>"; };
		AE3233DA1F8972EA0068BA8F /* Info.plist */ = {isa = PBXFileReference; lastKnownFileType = text.plist.xml; path = Info.plist; sourceTree = "<group>"; };
		AE3233E01F8973E70068BA8F /* Abadia.swift */ = {isa = PBXFileReference; lastKnownFileType = sourcecode.swift; path = Abadia.swift; sourceTree = "<group>"; };
		AE3233E21F8A136C0068BA8F /* InputController.swift */ = {isa = PBXFileReference; lastKnownFileType = sourcecode.swift; path = InputController.swift; sourceTree = "<group>"; };
		AE3233E41F8A13910068BA8F /* CGAController.swift */ = {isa = PBXFileReference; lastKnownFileType = sourcecode.swift; path = CGAController.swift; sourceTree = "<group>"; };
/* End PBXFileReference section */

/* Begin PBXFrameworksBuildPhase section */
		AE3233C81F8972EA0068BA8F /* Frameworks */ = {
			isa = PBXFrameworksBuildPhase;
			buildActionMask = 2147483647;
			files = (
			);
			runOnlyForDeploymentPostprocessing = 0;
		};
/* End PBXFrameworksBuildPhase section */

/* Begin PBXGroup section */
		AE3233C21F8972EA0068BA8F = {
			isa = PBXGroup;
			children = (
				AE3233CD1F8972EA0068BA8F /* Abadia */,
				AE3233CC1F8972EA0068BA8F /* Products */,
			);
			sourceTree = "<group>";
		};
		AE3233CC1F8972EA0068BA8F /* Products */ = {
			isa = PBXGroup;
			children = (
				AE3233CB1F8972EA0068BA8F /* Abadia.app */,
			);
			name = Products;
			sourceTree = "<group>";
		};
		AE3233CD1F8972EA0068BA8F /* Abadia */ = {
			isa = PBXGroup;
			children = (
				3B4F0148241D645300DFDEDF /* StopWatch.swift */,
				AE3233CE1F8972EA0068BA8F /* AppDelegate.swift */,
				AE3233D01F8972EA0068BA8F /* ViewController.swift */,
				AE3233E41F8A13910068BA8F /* CGAController.swift */,
				AE3233D21F8972EA0068BA8F /* Main.storyboard */,
				AE3233E21F8A136C0068BA8F /* InputController.swift */,
				AE3233D51F8972EA0068BA8F /* Assets.xcassets */,
				AE3233D71F8972EA0068BA8F /* LaunchScreen.storyboard */,
				AE3233DA1F8972EA0068BA8F /* Info.plist */,
				AE3233E01F8973E70068BA8F /* Abadia.swift */,
				3B4F014A241EC90D00DFDEDF /* ToneOutputUnit.swift */,
				3BB9552F2421376300AE2F58 /* cWaveOut.swift */,
				3BB95531242137DB00AE2F58 /* pReproducible.swift */,
				3BB9553324213F4200AE2F58 /* cAY8912.swift */,
				3B4B585B2426368B00F3A9E3 /* cPruebaSonido.swift */,
			);
			path = Abadia;
			sourceTree = "<group>";
		};
/* End PBXGroup section */

/* Begin PBXNativeTarget section */
		AE3233CA1F8972EA0068BA8F /* Abadia */ = {
			isa = PBXNativeTarget;
			buildConfigurationList = AE3233DD1F8972EA0068BA8F /* Build configuration list for PBXNativeTarget "Abadia" */;
			buildPhases = (
				AE3233C71F8972EA0068BA8F /* Sources */,
				AE3233C81F8972EA0068BA8F /* Frameworks */,
				AE3233C91F8972EA0068BA8F /* Resources */,
			);
			buildRules = (
			);
			dependencies = (
			);
			name = Abadia;
			productName = Abadia;
			productReference = AE3233CB1F8972EA0068BA8F /* Abadia.app */;
			productType = "com.apple.product-type.application";
		};
/* End PBXNativeTarget section */

/* Begin PBXProject section */
		AE3233C31F8972EA0068BA8F /* Project object */ = {
			isa = PBXProject;
			attributes = {
				LastSwiftUpdateCheck = 0900;
				LastUpgradeCheck = 1130;
				ORGANIZATIONNAME = "Phillip LAcebo";
				TargetAttributes = {
					AE3233CA1F8972EA0068BA8F = {
						CreatedOnToolsVersion = 9.0;
						LastSwiftMigration = 1130;
						ProvisioningStyle = Automatic;
					};
				};
			};
			buildConfigurationList = AE3233C61F8972EA0068BA8F /* Build configuration list for PBXProject "Abadia" */;
			compatibilityVersion = "Xcode 9.3";
			developmentRegion = en;
			hasScannedForEncodings = 0;
			knownRegions = (
				en,
				Base,
			);
			mainGroup = AE3233C21F8972EA0068BA8F;
			productRefGroup = AE3233CC1F8972EA0068BA8F /* Products */;
			projectDirPath = "";
			projectRoot = "";
			targets = (
				AE3233CA1F8972EA0068BA8F /* Abadia */,
			);
		};
/* End PBXProject section */

/* Begin PBXResourcesBuildPhase section */
		AE3233C91F8972EA0068BA8F /* Resources */ = {
			isa = PBXResourcesBuildPhase;
			buildActionMask = 2147483647;
			files = (
				AE3233D91F8972EA0068BA8F /* LaunchScreen.storyboard in Resources */,
				AE3233D61F8972EA0068BA8F /* Assets.xcassets in Resources */,
				AE3233D41F8972EA0068BA8F /* Main.storyboard in Resources */,
			);
			runOnlyForDeploymentPostprocessing = 0;
		};
/* End PBXResourcesBuildPhase section */

/* Begin PBXSourcesBuildPhase section */
		AE3233C71F8972EA0068BA8F /* Sources */ = {
			isa = PBXSourcesBuildPhase;
			buildActionMask = 2147483647;
			files = (
				AE3233E31F8A136C0068BA8F /* InputController.swift in Sources */,
				AE3233E11F8973E70068BA8F /* Abadia.swift in Sources */,
				AE3233D11F8972EA0068BA8F /* ViewController.swift in Sources */,
				3B4F0149241D645300DFDEDF /* StopWatch.swift in Sources */,
				3B4B585C2426368B00F3A9E3 /* cPruebaSonido.swift in Sources */,
				3B4F014B241EC90D00DFDEDF /* ToneOutputUnit.swift in Sources */,
				3BB9553424213F4200AE2F58 /* cAY8912.swift in Sources */,
				AE3233E51F8A13910068BA8F /* CGAController.swift in Sources */,
				AE3233CF1F8972EA0068BA8F /* AppDelegate.swift in Sources */,
				3BB95532242137DB00AE2F58 /* pReproducible.swift in Sources */,
				3BB955302421376300AE2F58 /* cWaveOut.swift in Sources */,
			);
			runOnlyForDeploymentPostprocessing = 0;
		};
/* End PBXSourcesBuildPhase section */

/* Begin PBXVariantGroup section */
		AE3233D21F8972EA0068BA8F /* Main.storyboard */ = {
			isa = PBXVariantGroup;
			children = (
				AE3233D31F8972EA0068BA8F /* Base */,
			);
			name = Main.storyboard;
			sourceTree = "<group>";
		};
		AE3233D71F8972EA0068BA8F /* LaunchScreen.storyboard */ = {
			isa = PBXVariantGroup;
			children = (
				AE3233D81F8972EA0068BA8F /* Base */,
			);
			name = LaunchScreen.storyboard;
			sourceTree = "<group>";
		};
/* End PBXVariantGroup section */

/* Begin XCBuildConfiguration section */
		AE3233DB1F8972EA0068BA8F /* Debug */ = {
			isa = XCBuildConfiguration;
			buildSettings = {
				ALWAYS_SEARCH_USER_PATHS = NO;
				CLANG_ANALYZER_NONNULL = YES;
				CLANG_ANALYZER_NUMBER_OBJECT_CONVERSION = YES_AGGRESSIVE;
				CLANG_CXX_LANGUAGE_STANDARD = "gnu++14";
				CLANG_CXX_LIBRARY = "libc++";
				CLANG_ENABLE_MODULES = YES;
				CLANG_ENABLE_OBJC_ARC = YES;
				CLANG_WARN_BLOCK_CAPTURE_AUTORELEASING = YES;
				CLANG_WARN_BOOL_CONVERSION = YES;
				CLANG_WARN_COMMA = YES;
				CLANG_WARN_CONSTANT_CONVERSION = YES;
				CLANG_WARN_DEPRECATED_OBJC_IMPLEMENTATIONS = YES;
				CLANG_WARN_DIRECT_OBJC_ISA_USAGE = YES_ERROR;
				CLANG_WARN_DOCUMENTATION_COMMENTS = YES;
				CLANG_WARN_EMPTY_BODY = YES;
				CLANG_WARN_ENUM_CONVERSION = YES;
				CLANG_WARN_INFINITE_RECURSION = YES;
				CLANG_WARN_INT_CONVERSION = YES;
				CLANG_WARN_NON_LITERAL_NULL_CONVERSION = YES;
				CLANG_WARN_OBJC_IMPLICIT_RETAIN_SELF = YES;
				CLANG_WARN_OBJC_LITERAL_CONVERSION = YES;
				CLANG_WARN_OBJC_ROOT_CLASS = YES_ERROR;
				CLANG_WARN_RANGE_LOOP_ANALYSIS = YES;
				CLANG_WARN_STRICT_PROTOTYPES = YES;
				CLANG_WARN_SUSPICIOUS_MOVE = YES;
				CLANG_WARN_UNGUARDED_AVAILABILITY = YES_AGGRESSIVE;
				CLANG_WARN_UNREACHABLE_CODE = YES;
				CLANG_WARN__DUPLICATE_METHOD_MATCH = YES;
				CODE_SIGN_IDENTITY = "iPhone Developer";
				COPY_PHASE_STRIP = NO;
				DEBUG_INFORMATION_FORMAT = dwarf;
				ENABLE_STRICT_OBJC_MSGSEND = YES;
				ENABLE_TESTABILITY = YES;
				GCC_C_LANGUAGE_STANDARD = gnu11;
				GCC_DYNAMIC_NO_PIC = NO;
				GCC_NO_COMMON_BLOCKS = YES;
				GCC_OPTIMIZATION_LEVEL = 0;
				GCC_PREPROCESSOR_DEFINITIONS = (
					"DEBUG=1",
					"$(inherited)",
				);
				GCC_WARN_64_TO_32_BIT_CONVERSION = YES;
				GCC_WARN_ABOUT_RETURN_TYPE = YES_ERROR;
				GCC_WARN_UNDECLARED_SELECTOR = YES;
				GCC_WARN_UNINITIALIZED_AUTOS = YES_AGGRESSIVE;
				GCC_WARN_UNUSED_FUNCTION = YES;
				GCC_WARN_UNUSED_VARIABLE = YES;
				IPHONEOS_DEPLOYMENT_TARGET = 11.4;
				MTL_ENABLE_DEBUG_INFO = YES;
				ONLY_ACTIVE_ARCH = YES;
				SDKROOT = iphoneos;
				SWIFT_ACTIVE_COMPILATION_CONDITIONS = DEBUG;
				SWIFT_OPTIMIZATION_LEVEL = "-Onone";
			};
			name = Debug;
		};
		AE3233DC1F8972EA0068BA8F /* Release */ = {
			isa = XCBuildConfiguration;
			buildSettings = {
				ALWAYS_SEARCH_USER_PATHS = NO;
				CLANG_ANALYZER_NONNULL = YES;
				CLANG_ANALYZER_NUMBER_OBJECT_CONVERSION = YES_AGGRESSIVE;
				CLANG_CXX_LANGUAGE_STANDARD = "gnu++14";
				CLANG_CXX_LIBRARY = "libc++";
				CLANG_ENABLE_MODULES = YES;
				CLANG_ENABLE_OBJC_ARC = YES;
				CLANG_WARN_BLOCK_CAPTURE_AUTORELEASING = YES;
				CLANG_WARN_BOOL_CONVERSION = YES;
				CLANG_WARN_COMMA = YES;
				CLANG_WARN_CONSTANT_CONVERSION = YES;
				CLANG_WARN_DEPRECATED_OBJC_IMPLEMENTATIONS = YES;
				CLANG_WARN_DIRECT_OBJC_ISA_USAGE = YES_ERROR;
				CLANG_WARN_DOCUMENTATION_COMMENTS = YES;
				CLANG_WARN_EMPTY_BODY = YES;
				CLANG_WARN_ENUM_CONVERSION = YES;
				CLANG_WARN_INFINITE_RECURSION = YES;
				CLANG_WARN_INT_CONVERSION = YES;
				CLANG_WARN_NON_LITERAL_NULL_CONVERSION = YES;
				CLANG_WARN_OBJC_IMPLICIT_RETAIN_SELF = YES;
				CLANG_WARN_OBJC_LITERAL_CONVERSION = YES;
				CLANG_WARN_OBJC_ROOT_CLASS = YES_ERROR;
				CLANG_WARN_RANGE_LOOP_ANALYSIS = YES;
				CLANG_WARN_STRICT_PROTOTYPES = YES;
				CLANG_WARN_SUSPICIOUS_MOVE = YES;
				CLANG_WARN_UNGUARDED_AVAILABILITY = YES_AGGRESSIVE;
				CLANG_WARN_UNREACHABLE_CODE = YES;
				CLANG_WARN__DUPLICATE_METHOD_MATCH = YES;
				CODE_SIGN_IDENTITY = "iPhone Developer";
				COPY_PHASE_STRIP = NO;
				DEBUG_INFORMATION_FORMAT = "dwarf-with-dsym";
				ENABLE_NS_ASSERTIONS = NO;
				ENABLE_STRICT_OBJC_MSGSEND = YES;
				GCC_C_LANGUAGE_STANDARD = gnu11;
				GCC_NO_COMMON_BLOCKS = YES;
				GCC_WARN_64_TO_32_BIT_CONVERSION = YES;
				GCC_WARN_ABOUT_RETURN_TYPE = YES_ERROR;
				GCC_WARN_UNDECLARED_SELECTOR = YES;
				GCC_WARN_UNINITIALIZED_AUTOS = YES_AGGRESSIVE;
				GCC_WARN_UNUSED_FUNCTION = YES;
				GCC_WARN_UNUSED_VARIABLE = YES;
				IPHONEOS_DEPLOYMENT_TARGET = 11.4;
				MTL_ENABLE_DEBUG_INFO = NO;
				SDKROOT = iphoneos;
				SWIFT_COMPILATION_MODE = wholemodule;
				SWIFT_OPTIMIZATION_LEVEL = "-O";
				VALIDATE_PRODUCT = YES;
			};
			name = Release;
		};
		AE3233DE1F8972EA0068BA8F /* Debug */ = {
			isa = XCBuildConfiguration;
			buildSettings = {
				ASSETCATALOG_COMPILER_APPICON_NAME = AppIcon;
				CODE_SIGN_STYLE = Automatic;
				DEVELOPMENT_TEAM = E28JP73SVE;
				INFOPLIST_FILE = Abadia/Info.plist;
				IPHONEOS_DEPLOYMENT_TARGET = 9.0;
				LD_RUNPATH_SEARCH_PATHS = (
					"$(inherited)",
					"@executable_path/Frameworks",
				);
				PRODUCT_BUNDLE_IDENTIFIER = tia.com.Abadia2;
				PRODUCT_NAME = "$(TARGET_NAME)";
				SWIFT_VERSION = 5.0;
				TARGETED_DEVICE_FAMILY = "1,2";
			};
			name = Debug;
		};
		AE3233DF1F8972EA0068BA8F /* Release */ = {
			isa = XCBuildConfiguration;
			buildSettings = {
				ASSETCATALOG_COMPILER_APPICON_NAME = AppIcon;
				CODE_SIGN_STYLE = Automatic;
				DEVELOPMENT_TEAM = E28JP73SVE;
				INFOPLIST_FILE = Abadia/Info.plist;
				IPHONEOS_DEPLOYMENT_TARGET = 9.0;
				LD_RUNPATH_SEARCH_PATHS = (
					"$(inherited)",
					"@executable_path/Frameworks",
				);
				PRODUCT_BUNDLE_IDENTIFIER = tia.com.Abadia2;
				PRODUCT_NAME = "$(TARGET_NAME)";
				SWIFT_VERSION = 5.0;
				TARGETED_DEVICE_FAMILY = "1,2";
			};
			name = Release;
		};
/* End XCBuildConfiguration section */

/* Begin XCConfigurationList section */
		AE3233C61F8972EA0068BA8F /* Build configuration list for PBXProject "Abadia" */ = {
			isa = XCConfigurationList;
			buildConfigurations = (
				AE3233DB1F8972EA0068BA8F /* Debug */,
				AE3233DC1F8972EA0068BA8F /* Release */,
			);
			defaultConfigurationIsVisible = 0;
			defaultConfigurationName = Release;
		};
		AE3233DD1F8972EA0068BA8F /* Build configuration list for PBXNativeTarget "Abadia" */ = {
			isa = XCConfigurationList;
			buildConfigurations = (
				AE3233DE1F8972EA0068BA8F /* Debug */,
				AE3233DF1F8972EA0068BA8F /* Release */,
			);
			defaultConfigurationIsVisible = 0;
			defaultConfigurationName = Release;
		};
/* End XCConfigurationList section */
	};
	rootObject = AE3233C31F8972EA0068BA8F /* Project object */;
}
